
Microsoft Visual Studio Solution File, Format Version 12.00
# Visual Studio Version 17
VisualStudioVersion = 17.10.34928.147
MinimumVisualStudioVersion = 10.0.40219.1
Project("{9A19103F-16F7-4668-BE54-9A1E7A4F7556}") = "BlazorApp", "BlazorApp\BlazorApp.csproj", "{9AEF0917-E729-4E52-AEDB-6B2BF9C0872A}"
EndProject
Project("{FAE04EC0-301F-11D3-BF4B-00C04F79EFBC}") = "ContourApp", "ContourApp\ContourApp.csproj", "{91F9452B-DA17-4BD4-9A3D-C1CF5FC7D07A}"
EndProject
Global
	GlobalSection(SolutionConfigurationPlatforms) = preSolution
		Debug|Any CPU = Debug|Any CPU
		Release|Any CPU = Release|Any CPU
	EndGlobalSection
	GlobalSection(ProjectConfigurationPlatforms) = postSolution
		{9AEF0917-E729-4E52-AEDB-6B2BF9C0872A}.Debug|Any CPU.ActiveCfg = Debug|Any CPU
		{9AEF0917-E729-4E52-AEDB-6B2BF9C0872A}.Debug|Any CPU.Build.0 = Debug|Any CPU
		{9AEF0917-E729-4E52-AEDB-6B2BF9C0872A}.Release|Any CPU.ActiveCfg = Release|Any CPU
		{9AEF0917-E729-4E52-AEDB-6B2BF9C0872A}.Release|Any CPU.Build.0 = Release|Any CPU
		{91F9452B-DA17-4BD4-9A3D-C1CF5FC7D07A}.Debug|Any CPU.ActiveCfg = Debug|Any CPU
		{91F9452B-DA17-4BD4-9A3D-C1CF5FC7D07A}.Debug|Any CPU.Build.0 = Debug|Any CPU
		{91F9452B-DA17-4BD4-9A3D-C1CF5FC7D07A}.Release|Any CPU.ActiveCfg = Release|Any CPU
		{91F9452B-DA17-4BD4-9A3D-C1CF5FC7D07A}.Release|Any CPU.Build.0 = Release|Any CPU
	EndGlobalSection
	GlobalSection(SolutionProperties) = preSolution
		HideSolutionNode = FALSE
	EndGlobalSection
	GlobalSection(ExtensibilityGlobals) = postSolution
		SolutionGuid = {84355282-A1A3-4A02-A4AE-EE19C8A793FF}
	EndGlobalSection
EndGlobal
